
Microsoft Visual Studio Solution File, Format Version 12.00
# Visual Studio Version 18
VisualStudioVersion = 18.0.11222.15 d18.0
MinimumVisualStudioVersion = 10.0.40219.1
Project("{FAE04EC0-301F-11D3-BF4B-00C04F79EFBC}") = "Lab4", "Lab4.csproj", "{4793FCB8-7779-4C75-9992-9AED287EE86B}"
EndProject
Project("{FAE04EC0-301F-11D3-BF4B-00C04F79EFBC}") = "Bai1", "Bai1\\Bai1.csproj", "{B8D5D8E1-BA3C-4B9F-9E15-6F0D8C52D3A1}"
EndProject
Project("{FAE04EC0-301F-11D3-BF4B-00C04F79EFBC}") = "Bai2", "Bai2\\Bai2.csproj", "{C7F42D11-0DA9-4B4B-8F5C-9C8A3FA52E8F}"
EndProject
Project("{FAE04EC0-301F-11D3-BF4B-00C04F79EFBC}") = "Bai3", "Bai3\\Bai3.csproj", "{D63A24C2-7D1A-4E75-9D76-5F3D1EF7F27C}"
EndProject
Global
	GlobalSection(SolutionConfigurationPlatforms) = preSolution
		Debug|Any CPU = Debug|Any CPU
		Release|Any CPU = Release|Any CPU
	EndGlobalSection
	GlobalSection(ProjectConfigurationPlatforms) = postSolution
		{4793FCB8-7779-4C75-9992-9AED287EE86B}.Debug|Any CPU.ActiveCfg = Debug|Any CPU
		{4793FCB8-7779-4C75-9992-9AED287EE86B}.Debug|Any CPU.Build.0 = Debug|Any CPU
		{4793FCB8-7779-4C75-9992-9AED287EE86B}.Release|Any CPU.ActiveCfg = Release|Any CPU
		{4793FCB8-7779-4C75-9992-9AED287EE86B}.Release|Any CPU.Build.0 = Release|Any CPU
		{B8D5D8E1-BA3C-4B9F-9E15-6F0D8C52D3A1}.Debug|Any CPU.ActiveCfg = Debug|Any CPU
		{B8D5D8E1-BA3C-4B9F-9E15-6F0D8C52D3A1}.Debug|Any CPU.Build.0 = Debug|Any CPU
		{B8D5D8E1-BA3C-4B9F-9E15-6F0D8C52D3A1}.Release|Any CPU.ActiveCfg = Release|Any CPU
		{B8D5D8E1-BA3C-4B9F-9E15-6F0D8C52D3A1}.Release|Any CPU.Build.0 = Release|Any CPU
		{C7F42D11-0DA9-4B4B-8F5C-9C8A3FA52E8F}.Debug|Any CPU.ActiveCfg = Debug|Any CPU
		{C7F42D11-0DA9-4B4B-8F5C-9C8A3FA52E8F}.Debug|Any CPU.Build.0 = Debug|Any CPU
		{C7F42D11-0DA9-4B4B-8F5C-9C8A3FA52E8F}.Release|Any CPU.ActiveCfg = Release|Any CPU
		{C7F42D11-0DA9-4B4B-8F5C-9C8A3FA52E8F}.Release|Any CPU.Build.0 = Release|Any CPU
		{D63A24C2-7D1A-4E75-9D76-5F3D1EF7F27C}.Debug|Any CPU.ActiveCfg = Debug|Any CPU
		{D63A24C2-7D1A-4E75-9D76-5F3D1EF7F27C}.Debug|Any CPU.Build.0 = Debug|Any CPU
		{D63A24C2-7D1A-4E75-9D76-5F3D1EF7F27C}.Release|Any CPU.ActiveCfg = Release|Any CPU
		{D63A24C2-7D1A-4E75-9D76-5F3D1EF7F27C}.Release|Any CPU.Build.0 = Release|Any CPU
	EndGlobalSection
	GlobalSection(SolutionProperties) = preSolution
		HideSolutionNode = FALSE
	EndGlobalSection
	GlobalSection(ExtensibilityGlobals) = postSolution
		SolutionGuid = {E54BCE16-EE40-4446-8412-BA485A35CFE9}
	EndGlobalSection
EndGlobal
